
Microsoft Visual Studio Solution File, Format Version 12.00
# Visual Studio Version 17
VisualStudioVersion = 17.5.2.0
MinimumVisualStudioVersion = 10.0.40219.1
Project("{FAE04EC0-301F-11D3-BF4B-00C04F79EFBC}") = "MS.Security.Net9.SecurityAPI", "MS.Security.Net9.SecurityAPI\MS.Security.Net9.SecurityAPI.csproj", "{EF0B807C-55AB-7C8A-236B-AEB2BF136579}"
EndProject
Project("{FAE04EC0-301F-11D3-BF4B-00C04F79EFBC}") = "MS.Security.Net9.WeatherForecastAPI", "MS.Security.Net9.WeatherForecastAPI\MS.Security.Net9.WeatherForecastAPI.csproj", "{A3ABB9F9-3073-4CC2-9C6F-1A5BD1216119}"
EndProject
Project("{FAE04EC0-301F-11D3-BF4B-00C04F79EFBC}") = "MS.Security.Net9.CurrencyMarketAPI", "MS.Security.Net9.CurrencyMarketAPI\MS.Security.Net9.CurrencyMarketAPI.csproj", "{C9E762D3-BD19-4C9E-834A-FE2F0CF86E45}"
EndProject
Global
	GlobalSection(SolutionConfigurationPlatforms) = preSolution
		Debug|Any CPU = Debug|Any CPU
		Debug|x64 = Debug|x64
		Debug|x86 = Debug|x86
		Release|Any CPU = Release|Any CPU
		Release|x64 = Release|x64
		Release|x86 = Release|x86
	EndGlobalSection
	GlobalSection(ProjectConfigurationPlatforms) = postSolution
		{EF0B807C-55AB-7C8A-236B-AEB2BF136579}.Debug|Any CPU.ActiveCfg = Debug|Any CPU
		{EF0B807C-55AB-7C8A-236B-AEB2BF136579}.Debug|Any CPU.Build.0 = Debug|Any CPU
		{EF0B807C-55AB-7C8A-236B-AEB2BF136579}.Debug|x64.ActiveCfg = Debug|Any CPU
		{EF0B807C-55AB-7C8A-236B-AEB2BF136579}.Debug|x64.Build.0 = Debug|Any CPU
		{EF0B807C-55AB-7C8A-236B-AEB2BF136579}.Debug|x86.ActiveCfg = Debug|Any CPU
		{EF0B807C-55AB-7C8A-236B-AEB2BF136579}.Debug|x86.Build.0 = Debug|Any CPU
		{EF0B807C-55AB-7C8A-236B-AEB2BF136579}.Release|Any CPU.ActiveCfg = Release|Any CPU
		{EF0B807C-55AB-7C8A-236B-AEB2BF136579}.Release|Any CPU.Build.0 = Release|Any CPU
		{EF0B807C-55AB-7C8A-236B-AEB2BF136579}.Release|x64.ActiveCfg = Release|Any CPU
		{EF0B807C-55AB-7C8A-236B-AEB2BF136579}.Release|x64.Build.0 = Release|Any CPU
		{EF0B807C-55AB-7C8A-236B-AEB2BF136579}.Release|x86.ActiveCfg = Release|Any CPU
		{EF0B807C-55AB-7C8A-236B-AEB2BF136579}.Release|x86.Build.0 = Release|Any CPU
		{A3ABB9F9-3073-4CC2-9C6F-1A5BD1216119}.Debug|Any CPU.ActiveCfg = Debug|Any CPU
		{A3ABB9F9-3073-4CC2-9C6F-1A5BD1216119}.Debug|Any CPU.Build.0 = Debug|Any CPU
		{A3ABB9F9-3073-4CC2-9C6F-1A5BD1216119}.Debug|x64.ActiveCfg = Debug|Any CPU
		{A3ABB9F9-3073-4CC2-9C6F-1A5BD1216119}.Debug|x64.Build.0 = Debug|Any CPU
		{A3ABB9F9-3073-4CC2-9C6F-1A5BD1216119}.Debug|x86.ActiveCfg = Debug|Any CPU
		{A3ABB9F9-3073-4CC2-9C6F-1A5BD1216119}.Debug|x86.Build.0 = Debug|Any CPU
		{A3ABB9F9-3073-4CC2-9C6F-1A5BD1216119}.Release|Any CPU.ActiveCfg = Release|Any CPU
		{A3ABB9F9-3073-4CC2-9C6F-1A5BD1216119}.Release|Any CPU.Build.0 = Release|Any CPU
		{A3ABB9F9-3073-4CC2-9C6F-1A5BD1216119}.Release|x64.ActiveCfg = Release|Any CPU
		{A3ABB9F9-3073-4CC2-9C6F-1A5BD1216119}.Release|x64.Build.0 = Release|Any CPU
		{A3ABB9F9-3073-4CC2-9C6F-1A5BD1216119}.Release|x86.ActiveCfg = Release|Any CPU
		{A3ABB9F9-3073-4CC2-9C6F-1A5BD1216119}.Release|x86.Build.0 = Release|Any CPU
		{C9E762D3-BD19-4C9E-834A-FE2F0CF86E45}.Debug|Any CPU.ActiveCfg = Debug|Any CPU
		{C9E762D3-BD19-4C9E-834A-FE2F0CF86E45}.Debug|Any CPU.Build.0 = Debug|Any CPU
		{C9E762D3-BD19-4C9E-834A-FE2F0CF86E45}.Debug|x64.ActiveCfg = Debug|Any CPU
		{C9E762D3-BD19-4C9E-834A-FE2F0CF86E45}.Debug|x64.Build.0 = Debug|Any CPU
		{C9E762D3-BD19-4C9E-834A-FE2F0CF86E45}.Debug|x86.ActiveCfg = Debug|Any CPU
		{C9E762D3-BD19-4C9E-834A-FE2F0CF86E45}.Debug|x86.Build.0 = Debug|Any CPU
		{C9E762D3-BD19-4C9E-834A-FE2F0CF86E45}.Release|Any CPU.ActiveCfg = Release|Any CPU
		{C9E762D3-BD19-4C9E-834A-FE2F0CF86E45}.Release|Any CPU.Build.0 = Release|Any CPU
		{C9E762D3-BD19-4C9E-834A-FE2F0CF86E45}.Release|x64.ActiveCfg = Release|Any CPU
		{C9E762D3-BD19-4C9E-834A-FE2F0CF86E45}.Release|x64.Build.0 = Release|Any CPU
		{C9E762D3-BD19-4C9E-834A-FE2F0CF86E45}.Release|x86.ActiveCfg = Release|Any CPU
		{C9E762D3-BD19-4C9E-834A-FE2F0CF86E45}.Release|x86.Build.0 = Release|Any CPU
	EndGlobalSection
	GlobalSection(SolutionProperties) = preSolution
		HideSolutionNode = FALSE
	EndGlobalSection
	GlobalSection(ExtensibilityGlobals) = postSolution
		SolutionGuid = {BAA64FD8-2CEA-41D8-9608-2C7FD0C27BE1}
	EndGlobalSection
EndGlobal
